
Microsoft Visual Studio Solution File, Format Version 12.00
# Visual Studio Version 17
VisualStudioVersion = 17.10.35013.160
MinimumVisualStudioVersion = 10.0.40219.1
Project("{FAE04EC0-301F-11D3-BF4B-00C04F79EFBC}") = "ProyectAdmin.Web", "ProyectAdmin.Web\ProyectAdmin.Web.csproj", "{CEEE3AFC-ECEA-43D6-B4AA-32B8304858D4}"
EndProject
Project("{FAE04EC0-301F-11D3-BF4B-00C04F79EFBC}") = "ProyectAdmin.Core", "ProyectAdmin.Core\ProyectAdmin.Core.csproj", "{C24B736B-C91B-4FD3-84F4-16721BC17384}"
EndProject
Project("{FAE04EC0-301F-11D3-BF4B-00C04F79EFBC}") = "ProyectAdmin.Services", "ProyectAdmin.Services\ProyectAdmin.Services.csproj", "{CF95C8C0-1937-465F-9134-D1F809DE4344}"
EndProject
Project("{FAE04EC0-301F-11D3-BF4B-00C04F79EFBC}") = "ProyectAdmin.Infrastructure", "ProyectAdmin.Infrastructure\ProyectAdmin.Infrastructure.csproj", "{869C3B4C-D57D-4793-B344-16AD497C96D8}"
EndProject
Global
	GlobalSection(SolutionConfigurationPlatforms) = preSolution
		Debug|Any CPU = Debug|Any CPU
		Release|Any CPU = Release|Any CPU
	EndGlobalSection
	GlobalSection(ProjectConfigurationPlatforms) = postSolution
		{CEEE3AFC-ECEA-43D6-B4AA-32B8304858D4}.Debug|Any CPU.ActiveCfg = Debug|Any CPU
		{CEEE3AFC-ECEA-43D6-B4AA-32B8304858D4}.Debug|Any CPU.Build.0 = Debug|Any CPU
		{CEEE3AFC-ECEA-43D6-B4AA-32B8304858D4}.Release|Any CPU.ActiveCfg = Release|Any CPU
		{CEEE3AFC-ECEA-43D6-B4AA-32B8304858D4}.Release|Any CPU.Build.0 = Release|Any CPU
		{C24B736B-C91B-4FD3-84F4-16721BC17384}.Debug|Any CPU.ActiveCfg = Debug|Any CPU
		{C24B736B-C91B-4FD3-84F4-16721BC17384}.Debug|Any CPU.Build.0 = Debug|Any CPU
		{C24B736B-C91B-4FD3-84F4-16721BC17384}.Release|Any CPU.ActiveCfg = Release|Any CPU
		{C24B736B-C91B-4FD3-84F4-16721BC17384}.Release|Any CPU.Build.0 = Release|Any CPU
		{CF95C8C0-1937-465F-9134-D1F809DE4344}.Debug|Any CPU.ActiveCfg = Debug|Any CPU
		{CF95C8C0-1937-465F-9134-D1F809DE4344}.Debug|Any CPU.Build.0 = Debug|Any CPU
		{CF95C8C0-1937-465F-9134-D1F809DE4344}.Release|Any CPU.ActiveCfg = Release|Any CPU
		{CF95C8C0-1937-465F-9134-D1F809DE4344}.Release|Any CPU.Build.0 = Release|Any CPU
		{869C3B4C-D57D-4793-B344-16AD497C96D8}.Debug|Any CPU.ActiveCfg = Debug|Any CPU
		{869C3B4C-D57D-4793-B344-16AD497C96D8}.Debug|Any CPU.Build.0 = Debug|Any CPU
		{869C3B4C-D57D-4793-B344-16AD497C96D8}.Release|Any CPU.ActiveCfg = Release|Any CPU
		{869C3B4C-D57D-4793-B344-16AD497C96D8}.Release|Any CPU.Build.0 = Release|Any CPU
	EndGlobalSection
	GlobalSection(SolutionProperties) = preSolution
		HideSolutionNode = FALSE
	EndGlobalSection
	GlobalSection(ExtensibilityGlobals) = postSolution
		SolutionGuid = {D1880166-2A2F-44E8-BCE0-0F003139EE0D}
	EndGlobalSection
EndGlobal
